
Microsoft Visual Studio Solution File, Format Version 12.00
# Visual Studio Version 17
VisualStudioVersion = 17.9.34616.47
MinimumVisualStudioVersion = 10.0.40219.1
Project("{2150E333-8FDC-42A3-9474-1A3956D46DE8}") = "Solution Items", "Solution Items", "{EFFE3A3E-EFA2-4C82-AAE9-D254750B0EF3}"
	ProjectSection(SolutionItems) = preProject
		D Step.docx = D Step.docx
		HotelAppDb.db = HotelAppDb.db
		L Step.docx = L Step.docx
		O Step.docx = O Step.docx
		The App Idea.txt = The App Idea.txt
		U Step.docx = U Step.docx
		W Step.docx = W Step.docx
	EndProjectSection
EndProject
Project("{00D1A9C2-B5F0-4AF3-8072-F6C62B433612}") = "HotelAppDB", "HotelAppDB\HotelAppDB.sqlproj", "{1650F41E-A6DF-4FB5-BCED-2AE1557BCBCE}"
EndProject
Project("{9A19103F-16F7-4668-BE54-9A1E7A4F7556}") = "HotelAppLibrary", "HotelAppLibrary\HotelAppLibrary.csproj", "{02D1E881-FB66-413F-A834-434415FDEBCB}"
EndProject
Project("{FAE04EC0-301F-11D3-BF4B-00C04F79EFBC}") = "HotelApp.Web", "HotelApp.Web\HotelApp.Web.csproj", "{580E8E6A-7037-43C0-AB6E-A75DEFB1A2C9}"
EndProject
Project("{FAE04EC0-301F-11D3-BF4B-00C04F79EFBC}") = "HotelApp.Desktop", "HotelApp.Desktop\HotelApp.Desktop.csproj", "{5FF58D19-8F39-4852-91BA-98FDD14F3E7A}"
EndProject
Global
	GlobalSection(SolutionConfigurationPlatforms) = preSolution
		Debug|Any CPU = Debug|Any CPU
		Release|Any CPU = Release|Any CPU
	EndGlobalSection
	GlobalSection(ProjectConfigurationPlatforms) = postSolution
		{1650F41E-A6DF-4FB5-BCED-2AE1557BCBCE}.Debug|Any CPU.ActiveCfg = Debug|Any CPU
		{1650F41E-A6DF-4FB5-BCED-2AE1557BCBCE}.Debug|Any CPU.Build.0 = Debug|Any CPU
		{1650F41E-A6DF-4FB5-BCED-2AE1557BCBCE}.Debug|Any CPU.Deploy.0 = Debug|Any CPU
		{1650F41E-A6DF-4FB5-BCED-2AE1557BCBCE}.Release|Any CPU.ActiveCfg = Release|Any CPU
		{1650F41E-A6DF-4FB5-BCED-2AE1557BCBCE}.Release|Any CPU.Build.0 = Release|Any CPU
		{1650F41E-A6DF-4FB5-BCED-2AE1557BCBCE}.Release|Any CPU.Deploy.0 = Release|Any CPU
		{02D1E881-FB66-413F-A834-434415FDEBCB}.Debug|Any CPU.ActiveCfg = Debug|Any CPU
		{02D1E881-FB66-413F-A834-434415FDEBCB}.Debug|Any CPU.Build.0 = Debug|Any CPU
		{02D1E881-FB66-413F-A834-434415FDEBCB}.Release|Any CPU.ActiveCfg = Release|Any CPU
		{02D1E881-FB66-413F-A834-434415FDEBCB}.Release|Any CPU.Build.0 = Release|Any CPU
		{580E8E6A-7037-43C0-AB6E-A75DEFB1A2C9}.Debug|Any CPU.ActiveCfg = Debug|Any CPU
		{580E8E6A-7037-43C0-AB6E-A75DEFB1A2C9}.Debug|Any CPU.Build.0 = Debug|Any CPU
		{580E8E6A-7037-43C0-AB6E-A75DEFB1A2C9}.Release|Any CPU.ActiveCfg = Release|Any CPU
		{580E8E6A-7037-43C0-AB6E-A75DEFB1A2C9}.Release|Any CPU.Build.0 = Release|Any CPU
		{5FF58D19-8F39-4852-91BA-98FDD14F3E7A}.Debug|Any CPU.ActiveCfg = Debug|Any CPU
		{5FF58D19-8F39-4852-91BA-98FDD14F3E7A}.Debug|Any CPU.Build.0 = Debug|Any CPU
		{5FF58D19-8F39-4852-91BA-98FDD14F3E7A}.Release|Any CPU.ActiveCfg = Release|Any CPU
		{5FF58D19-8F39-4852-91BA-98FDD14F3E7A}.Release|Any CPU.Build.0 = Release|Any CPU
	EndGlobalSection
	GlobalSection(SolutionProperties) = preSolution
		HideSolutionNode = FALSE
	EndGlobalSection
	GlobalSection(ExtensibilityGlobals) = postSolution
		SolutionGuid = {EF7C0E51-6E1E-43D5-8B08-EC29FFCC22FA}
	EndGlobalSection
EndGlobal
